
Microsoft Visual Studio Solution File, Format Version 12.00
# Visual Studio 14
VisualStudioVersion = 14.0.25420.1
MinimumVisualStudioVersion = 10.0.40219.1
Project("{FAE04EC0-301F-11D3-BF4B-00C04F79EFBC}") = "XamarinBuildTest.UWP", "XamarinBuildTest\XamarinBuildTest.UWP\XamarinBuildTest.UWP.csproj", "{50971453-04FD-447E-A383-A19025C596BD}"
EndProject
Project("{FAE04EC0-301F-11D3-BF4B-00C04F79EFBC}") = "XamarinBuildTest", "XamarinBuildTest\XamarinBuildTest\XamarinBuildTest.csproj", "{C52A24FE-36D9-4C3A-BFBB-F9FAEF9A25AE}"
EndProject
Global
	GlobalSection(SolutionConfigurationPlatforms) = preSolution
		Ad-Hoc|Any CPU = Ad-Hoc|Any CPU
		Ad-Hoc|ARM = Ad-Hoc|ARM
		Ad-Hoc|iPhone = Ad-Hoc|iPhone
		Ad-Hoc|iPhoneSimulator = Ad-Hoc|iPhoneSimulator
		Ad-Hoc|x64 = Ad-Hoc|x64
		Ad-Hoc|x86 = Ad-Hoc|x86
		AppStore|Any CPU = AppStore|Any CPU
		AppStore|ARM = AppStore|ARM
		AppStore|iPhone = AppStore|iPhone
		AppStore|iPhoneSimulator = AppStore|iPhoneSimulator
		AppStore|x64 = AppStore|x64
		AppStore|x86 = AppStore|x86
		Debug|Any CPU = Debug|Any CPU
		Debug|ARM = Debug|ARM
		Debug|iPhone = Debug|iPhone
		Debug|iPhoneSimulator = Debug|iPhoneSimulator
		Debug|x64 = Debug|x64
		Debug|x86 = Debug|x86
		Release|Any CPU = Release|Any CPU
		Release|ARM = Release|ARM
		Release|iPhone = Release|iPhone
		Release|iPhoneSimulator = Release|iPhoneSimulator
		Release|x64 = Release|x64
		Release|x86 = Release|x86
	EndGlobalSection
	GlobalSection(ProjectConfigurationPlatforms) = postSolution
		{50971453-04FD-447E-A383-A19025C596BD}.Ad-Hoc|Any CPU.ActiveCfg = Release|x86
		{50971453-04FD-447E-A383-A19025C596BD}.Ad-Hoc|Any CPU.Build.0 = Release|x86
		{50971453-04FD-447E-A383-A19025C596BD}.Ad-Hoc|Any CPU.Deploy.0 = Release|x86
		{50971453-04FD-447E-A383-A19025C596BD}.Ad-Hoc|ARM.ActiveCfg = Release|ARM
		{50971453-04FD-447E-A383-A19025C596BD}.Ad-Hoc|ARM.Build.0 = Release|ARM
		{50971453-04FD-447E-A383-A19025C596BD}.Ad-Hoc|ARM.Deploy.0 = Release|ARM
		{50971453-04FD-447E-A383-A19025C596BD}.Ad-Hoc|iPhone.ActiveCfg = Release|x86
		{50971453-04FD-447E-A383-A19025C596BD}.Ad-Hoc|iPhone.Build.0 = Release|x86
		{50971453-04FD-447E-A383-A19025C596BD}.Ad-Hoc|iPhone.Deploy.0 = Release|x86
		{50971453-04FD-447E-A383-A19025C596BD}.Ad-Hoc|iPhoneSimulator.ActiveCfg = Release|x86
		{50971453-04FD-447E-A383-A19025C596BD}.Ad-Hoc|iPhoneSimulator.Build.0 = Release|x86
		{50971453-04FD-447E-A383-A19025C596BD}.Ad-Hoc|iPhoneSimulator.Deploy.0 = Release|x86
		{50971453-04FD-447E-A383-A19025C596BD}.Ad-Hoc|x64.ActiveCfg = Release|x64
		{50971453-04FD-447E-A383-A19025C596BD}.Ad-Hoc|x64.Build.0 = Release|x64
		{50971453-04FD-447E-A383-A19025C596BD}.Ad-Hoc|x64.Deploy.0 = Release|x64
		{50971453-04FD-447E-A383-A19025C596BD}.Ad-Hoc|x86.ActiveCfg = Release|x86
		{50971453-04FD-447E-A383-A19025C596BD}.Ad-Hoc|x86.Build.0 = Release|x86
		{50971453-04FD-447E-A383-A19025C596BD}.Ad-Hoc|x86.Deploy.0 = Release|x86
		{50971453-04FD-447E-A383-A19025C596BD}.AppStore|Any CPU.ActiveCfg = Release|x86
		{50971453-04FD-447E-A383-A19025C596BD}.AppStore|Any CPU.Build.0 = Release|x86
		{50971453-04FD-447E-A383-A19025C596BD}.AppStore|Any CPU.Deploy.0 = Release|x86
		{50971453-04FD-447E-A383-A19025C596BD}.AppStore|ARM.ActiveCfg = Release|ARM
		{50971453-04FD-447E-A383-A19025C596BD}.AppStore|ARM.Build.0 = Release|ARM
		{50971453-04FD-447E-A383-A19025C596BD}.AppStore|ARM.Deploy.0 = Release|ARM
		{50971453-04FD-447E-A383-A19025C596BD}.AppStore|iPhone.ActiveCfg = Release|x86
		{50971453-04FD-447E-A383-A19025C596BD}.AppStore|iPhone.Build.0 = Release|x86
		{50971453-04FD-447E-A383-A19025C596BD}.AppStore|iPhone.Deploy.0 = Release|x86
		{50971453-04FD-447E-A383-A19025C596BD}.AppStore|iPhoneSimulator.ActiveCfg = Release|x86
		{50971453-04FD-447E-A383-A19025C596BD}.AppStore|iPhoneSimulator.Build.0 = Release|x86
		{50971453-04FD-447E-A383-A19025C596BD}.AppStore|iPhoneSimulator.Deploy.0 = Release|x86
		{50971453-04FD-447E-A383-A19025C596BD}.AppStore|x64.ActiveCfg = Release|x64
		{50971453-04FD-447E-A383-A19025C596BD}.AppStore|x64.Build.0 = Release|x64
		{50971453-04FD-447E-A383-A19025C596BD}.AppStore|x64.Deploy.0 = Release|x64
		{50971453-04FD-447E-A383-A19025C596BD}.AppStore|x86.ActiveCfg = Release|x86
		{50971453-04FD-447E-A383-A19025C596BD}.AppStore|x86.Build.0 = Release|x86
		{50971453-04FD-447E-A383-A19025C596BD}.AppStore|x86.Deploy.0 = Release|x86
		{50971453-04FD-447E-A383-A19025C596BD}.Debug|Any CPU.ActiveCfg = Debug|x86
		{50971453-04FD-447E-A383-A19025C596BD}.Debug|ARM.ActiveCfg = Debug|ARM
		{50971453-04FD-447E-A383-A19025C596BD}.Debug|ARM.Build.0 = Debug|ARM
		{50971453-04FD-447E-A383-A19025C596BD}.Debug|ARM.Deploy.0 = Debug|ARM
		{50971453-04FD-447E-A383-A19025C596BD}.Debug|iPhone.ActiveCfg = Debug|x86
		{50971453-04FD-447E-A383-A19025C596BD}.Debug|iPhoneSimulator.ActiveCfg = Debug|x86
		{50971453-04FD-447E-A383-A19025C596BD}.Debug|x64.ActiveCfg = Debug|x64
		{50971453-04FD-447E-A383-A19025C596BD}.Debug|x64.Build.0 = Debug|x64
		{50971453-04FD-447E-A383-A19025C596BD}.Debug|x64.Deploy.0 = Debug|x64
		{50971453-04FD-447E-A383-A19025C596BD}.Debug|x86.ActiveCfg = Debug|x86
		{50971453-04FD-447E-A383-A19025C596BD}.Debug|x86.Build.0 = Debug|x86
		{50971453-04FD-447E-A383-A19025C596BD}.Debug|x86.Deploy.0 = Debug|x86
		{50971453-04FD-447E-A383-A19025C596BD}.Release|Any CPU.ActiveCfg = Release|x86
		{50971453-04FD-447E-A383-A19025C596BD}.Release|ARM.ActiveCfg = Release|ARM
		{50971453-04FD-447E-A383-A19025C596BD}.Release|ARM.Build.0 = Release|ARM
		{50971453-04FD-447E-A383-A19025C596BD}.Release|ARM.Deploy.0 = Release|ARM
		{50971453-04FD-447E-A383-A19025C596BD}.Release|iPhone.ActiveCfg = Release|x86
		{50971453-04FD-447E-A383-A19025C596BD}.Release|iPhoneSimulator.ActiveCfg = Release|x86
		{50971453-04FD-447E-A383-A19025C596BD}.Release|x64.ActiveCfg = Release|x64
		{50971453-04FD-447E-A383-A19025C596BD}.Release|x64.Build.0 = Release|x64
		{50971453-04FD-447E-A383-A19025C596BD}.Release|x64.Deploy.0 = Release|x64
		{50971453-04FD-447E-A383-A19025C596BD}.Release|x86.ActiveCfg = Release|x86
		{50971453-04FD-447E-A383-A19025C596BD}.Release|x86.Build.0 = Release|x86
		{50971453-04FD-447E-A383-A19025C596BD}.Release|x86.Deploy.0 = Release|x86
		{C52A24FE-36D9-4C3A-BFBB-F9FAEF9A25AE}.Ad-Hoc|Any CPU.ActiveCfg = Release|Any CPU
		{C52A24FE-36D9-4C3A-BFBB-F9FAEF9A25AE}.Ad-Hoc|Any CPU.Build.0 = Release|Any CPU
		{C52A24FE-36D9-4C3A-BFBB-F9FAEF9A25AE}.Ad-Hoc|ARM.ActiveCfg = Release|Any CPU
		{C52A24FE-36D9-4C3A-BFBB-F9FAEF9A25AE}.Ad-Hoc|ARM.Build.0 = Release|Any CPU
		{C52A24FE-36D9-4C3A-BFBB-F9FAEF9A25AE}.Ad-Hoc|iPhone.ActiveCfg = Release|Any CPU
		{C52A24FE-36D9-4C3A-BFBB-F9FAEF9A25AE}.Ad-Hoc|iPhone.Build.0 = Release|Any CPU
		{C52A24FE-36D9-4C3A-BFBB-F9FAEF9A25AE}.Ad-Hoc|iPhoneSimulator.ActiveCfg = Release|Any CPU
		{C52A24FE-36D9-4C3A-BFBB-F9FAEF9A25AE}.Ad-Hoc|iPhoneSimulator.Build.0 = Release|Any CPU
		{C52A24FE-36D9-4C3A-BFBB-F9FAEF9A25AE}.Ad-Hoc|x64.ActiveCfg = Release|Any CPU
		{C52A24FE-36D9-4C3A-BFBB-F9FAEF9A25AE}.Ad-Hoc|x64.Build.0 = Release|Any CPU
		{C52A24FE-36D9-4C3A-BFBB-F9FAEF9A25AE}.Ad-Hoc|x86.ActiveCfg = Release|Any CPU
		{C52A24FE-36D9-4C3A-BFBB-F9FAEF9A25AE}.Ad-Hoc|x86.Build.0 = Release|Any CPU
		{C52A24FE-36D9-4C3A-BFBB-F9FAEF9A25AE}.AppStore|Any CPU.ActiveCfg = Release|Any CPU
		{C52A24FE-36D9-4C3A-BFBB-F9FAEF9A25AE}.AppStore|Any CPU.Build.0 = Release|Any CPU
		{C52A24FE-36D9-4C3A-BFBB-F9FAEF9A25AE}.AppStore|ARM.ActiveCfg = Release|Any CPU
		{C52A24FE-36D9-4C3A-BFBB-F9FAEF9A25AE}.AppStore|ARM.Build.0 = Release|Any CPU
		{C52A24FE-36D9-4C3A-BFBB-F9FAEF9A25AE}.AppStore|iPhone.ActiveCfg = Release|Any CPU
		{C52A24FE-36D9-4C3A-BFBB-F9FAEF9A25AE}.AppStore|iPhone.Build.0 = Release|Any CPU
		{C52A24FE-36D9-4C3A-BFBB-F9FAEF9A25AE}.AppStore|iPhoneSimulator.ActiveCfg = Release|Any CPU
		{C52A24FE-36D9-4C3A-BFBB-F9FAEF9A25AE}.AppStore|iPhoneSimulator.Build.0 = Release|Any CPU
		{C52A24FE-36D9-4C3A-BFBB-F9FAEF9A25AE}.AppStore|x64.ActiveCfg = Release|Any CPU
		{C52A24FE-36D9-4C3A-BFBB-F9FAEF9A25AE}.AppStore|x64.Build.0 = Release|Any CPU
		{C52A24FE-36D9-4C3A-BFBB-F9FAEF9A25AE}.AppStore|x86.ActiveCfg = Release|Any CPU
		{C52A24FE-36D9-4C3A-BFBB-F9FAEF9A25AE}.AppStore|x86.Build.0 = Release|Any CPU
		{C52A24FE-36D9-4C3A-BFBB-F9FAEF9A25AE}.Debug|Any CPU.ActiveCfg = Debug|Any CPU
		{C52A24FE-36D9-4C3A-BFBB-F9FAEF9A25AE}.Debug|Any CPU.Build.0 = Debug|Any CPU
		{C52A24FE-36D9-4C3A-BFBB-F9FAEF9A25AE}.Debug|ARM.ActiveCfg = Debug|Any CPU
		{C52A24FE-36D9-4C3A-BFBB-F9FAEF9A25AE}.Debug|ARM.Build.0 = Debug|Any CPU
		{C52A24FE-36D9-4C3A-BFBB-F9FAEF9A25AE}.Debug|iPhone.ActiveCfg = Debug|Any CPU
		{C52A24FE-36D9-4C3A-BFBB-F9FAEF9A25AE}.Debug|iPhone.Build.0 = Debug|Any CPU
		{C52A24FE-36D9-4C3A-BFBB-F9FAEF9A25AE}.Debug|iPhoneSimulator.ActiveCfg = Debug|Any CPU
		{C52A24FE-36D9-4C3A-BFBB-F9FAEF9A25AE}.Debug|iPhoneSimulator.Build.0 = Debug|Any CPU
		{C52A24FE-36D9-4C3A-BFBB-F9FAEF9A25AE}.Debug|x64.ActiveCfg = Debug|Any CPU
		{C52A24FE-36D9-4C3A-BFBB-F9FAEF9A25AE}.Debug|x64.Build.0 = Debug|Any CPU
		{C52A24FE-36D9-4C3A-BFBB-F9FAEF9A25AE}.Debug|x86.ActiveCfg = Debug|Any CPU
		{C52A24FE-36D9-4C3A-BFBB-F9FAEF9A25AE}.Debug|x86.Build.0 = Debug|Any CPU
		{C52A24FE-36D9-4C3A-BFBB-F9FAEF9A25AE}.Release|Any CPU.ActiveCfg = Release|Any CPU
		{C52A24FE-36D9-4C3A-BFBB-F9FAEF9A25AE}.Release|Any CPU.Build.0 = Release|Any CPU
		{C52A24FE-36D9-4C3A-BFBB-F9FAEF9A25AE}.Release|ARM.ActiveCfg = Release|Any CPU
		{C52A24FE-36D9-4C3A-BFBB-F9FAEF9A25AE}.Release|ARM.Build.0 = Release|Any CPU
		{C52A24FE-36D9-4C3A-BFBB-F9FAEF9A25AE}.Release|iPhone.ActiveCfg = Release|Any CPU
		{C52A24FE-36D9-4C3A-BFBB-F9FAEF9A25AE}.Release|iPhone.Build.0 = Release|Any CPU
		{C52A24FE-36D9-4C3A-BFBB-F9FAEF9A25AE}.Release|iPhoneSimulator.ActiveCfg = Release|Any CPU
		{C52A24FE-36D9-4C3A-BFBB-F9FAEF9A25AE}.Release|iPhoneSimulator.Build.0 = Release|Any CPU
		{C52A24FE-36D9-4C3A-BFBB-F9FAEF9A25AE}.Release|x64.ActiveCfg = Release|Any CPU
		{C52A24FE-36D9-4C3A-BFBB-F9FAEF9A25AE}.Release|x64.Build.0 = Release|Any CPU
		{C52A24FE-36D9-4C3A-BFBB-F9FAEF9A25AE}.Release|x86.ActiveCfg = Release|Any CPU
		{C52A24FE-36D9-4C3A-BFBB-F9FAEF9A25AE}.Release|x86.Build.0 = Release|Any CPU
	EndGlobalSection
	GlobalSection(SolutionProperties) = preSolution
		HideSolutionNode = FALSE
	EndGlobalSection
EndGlobal
